{
  "version": 3,
  "targets": {
    ".NETStandard,Version=v2.0": {
      "Microsoft.Net.Compilers.Toolset/3.1.0": {
        "type": "package",
        "build": {
          "build/_._": {}
        }
      },
      "Microsoft.NETCore.Platforms/1.1.0": {
        "type": "package",
        "compile": {
          "lib/netstandard1.0/_._": {}
        },
        "runtime": {
          "lib/netstandard1.0/_._": {}
        }
      },
      "NETStandard.Library/2.0.3": {
        "type": "package",
        "dependencies": {
          "Microsoft.NETCore.Platforms": "1.1.0"
        },
        "compile": {
          "lib/netstandard1.0/_._": {}
        },
        "runtime": {
          "lib/netstandard1.0/_._": {}
        },
        "build": {
          "build/netstandard2.0/NETStandard.Library.targets": {}
        }
      },
      "SixLabors.Core/1.0.0-beta0008": {
        "type": "package",
        "dependencies": {
          "System.Buffers": "4.4.0",
          "System.Memory": "4.5.1",
          "System.Numerics.Vectors": "4.5.0",
          "System.Runtime.CompilerServices.Unsafe": "4.5.1"
        },
        "compile": {
          "lib/netstandard2.0/SixLabors.Core.dll": {}
        },
        "runtime": {
          "lib/netstandard2.0/SixLabors.Core.dll": {}
        }
      },
      "SixLabors.ImageSharp/1.0.0-beta0007": {
        "type": "package",
        "dependencies": {
          "Microsoft.Net.Compilers.Toolset": "3.1.0",
          "SixLabors.Core": "1.0.0-beta0008",
          "System.Runtime.CompilerServices.Unsafe": "4.5.1"
        },
        "compile": {
          "lib/netstandard2.0/SixLabors.ImageSharp.dll": {}
        },
        "runtime": {
          "lib/netstandard2.0/SixLabors.ImageSharp.dll": {}
        }
      },
      "System.Buffers/4.4.0": {
        "type": "package",
        "compile": {
          "ref/netstandard2.0/System.Buffers.dll": {}
        },
        "runtime": {
          "lib/netstandard2.0/System.Buffers.dll": {}
        }
      },
      "System.Memory/4.5.1": {
        "type": "package",
        "dependencies": {
          "System.Buffers": "4.4.0",
          "System.Numerics.Vectors": "4.4.0",
          "System.Runtime.CompilerServices.Unsafe": "4.5.0"
        },
        "compile": {
          "ref/netstandard2.0/System.Memory.dll": {}
        },
        "runtime": {
          "lib/netstandard2.0/System.Memory.dll": {}
        }
      },
      "System.Numerics.Vectors/4.5.0": {
        "type": "package",
        "compile": {
          "ref/netstandard2.0/System.Numerics.Vectors.dll": {}
        },
        "runtime": {
          "lib/netstandard2.0/System.Numerics.Vectors.dll": {}
        }
      },
      "System.Runtime.CompilerServices.Unsafe/4.5.1": {
        "type": "package",
        "compile": {
          "ref/netstandard2.0/System.Runtime.CompilerServices.Unsafe.dll": {}
        },
        "runtime": {
          "lib/netstandard2.0/System.Runtime.CompilerServices.Unsafe.dll": {}
        }
      }
    }
  },
  "libraries": {
    "Microsoft.Net.Compilers.Toolset/3.1.0": {
      "sha512": "/iwBIkmusIUlBrln8AbKpYIcSGnImCYUMFSC3QOpGuOmnle44w2ORyH8IFDi8rbQNKjDH9HBmtPML/kW3GuxyA==",
      "type": "package",
      "path": "microsoft.net.compilers.toolset/3.1.0",
      "files": [
        ".nupkg.metadata",
        ".signature.p7s",
        "ThirdPartyNotices.rtf",
        "build/Microsoft.Net.Compilers.Toolset.props",
        "microsoft.net.compilers.toolset.3.1.0.nupkg.sha512",
        "microsoft.net.compilers.toolset.nuspec",
        "tasks/net472/Microsoft.Build.Tasks.CodeAnalysis.dll",
        "tasks/net472/Microsoft.CSharp.Core.targets",
        "tasks/net472/Microsoft.CodeAnalysis.CSharp.Scripting.dll",
        "tasks/net472/Microsoft.CodeAnalysis.CSharp.dll",
        "tasks/net472/Microsoft.CodeAnalysis.Scripting.dll",
        "tasks/net472/Microsoft.CodeAnalysis.VisualBasic.dll",
        "tasks/net472/Microsoft.CodeAnalysis.dll",
        "tasks/net472/Microsoft.DiaSymReader.Native.amd64.dll",
        "tasks/net472/Microsoft.DiaSymReader.Native.x86.dll",
        "tasks/net472/Microsoft.Managed.Core.targets",
        "tasks/net472/Microsoft.Managed.EditorConfig.targets",
        "tasks/net472/Microsoft.VisualBasic.Core.targets",
        "tasks/net472/System.Buffers.dll",
        "tasks/net472/System.Collections.Immutable.dll",
        "tasks/net472/System.Memory.dll",
        "tasks/net472/System.Numerics.Vectors.dll",
        "tasks/net472/System.Reflection.Metadata.dll",
        "tasks/net472/System.Runtime.CompilerServices.Unsafe.dll",
        "tasks/net472/System.Text.Encoding.CodePages.dll",
        "tasks/net472/System.Threading.Tasks.Extensions.dll",
        "tasks/net472/VBCSCompiler.exe",
        "tasks/net472/VBCSCompiler.exe.config",
        "tasks/net472/cs/Microsoft.Build.Tasks.CodeAnalysis.resources.dll",
        "tasks/net472/cs/Microsoft.CodeAnalysis.CSharp.Scripting.resources.dll",
        "tasks/net472/cs/Microsoft.CodeAnalysis.CSharp.resources.dll",
        "tasks/net472/cs/Microsoft.CodeAnalysis.Scripting.resources.dll",
        "tasks/net472/cs/Microsoft.CodeAnalysis.VisualBasic.resources.dll",
        "tasks/net472/cs/Microsoft.CodeAnalysis.resources.dll",
        "tasks/net472/csc.exe",
        "tasks/net472/csc.exe.config",
        "tasks/net472/csc.rsp",
        "tasks/net472/csi.exe",
        "tasks/net472/csi.exe.config",
        "tasks/net472/csi.rsp",
        "tasks/net472/de/Microsoft.Build.Tasks.CodeAnalysis.resources.dll",
        "tasks/net472/de/Microsoft.CodeAnalysis.CSharp.Scripting.resources.dll",
        "tasks/net472/de/Microsoft.CodeAnalysis.CSharp.resources.dll",
        "tasks/net472/de/Microsoft.CodeAnalysis.Scripting.resources.dll",
        "tasks/net472/de/Microsoft.CodeAnalysis.VisualBasic.resources.dll",
        "tasks/net472/de/Microsoft.CodeAnalysis.resources.dll",
        "tasks/net472/es/Microsoft.Build.Tasks.CodeAnalysis.resources.dll",
        "tasks/net472/es/Microsoft.CodeAnalysis.CSharp.Scripting.resources.dll",
        "tasks/net472/es/Microsoft.CodeAnalysis.CSharp.resources.dll",
        "tasks/net472/es/Microsoft.CodeAnalysis.Scripting.resources.dll",
        "tasks/net472/es/Microsoft.CodeAnalysis.VisualBasic.resources.dll",
        "tasks/net472/es/Microsoft.CodeAnalysis.resources.dll",
        "tasks/net472/fr/Microsoft.Build.Tasks.CodeAnalysis.resources.dll",
        "tasks/net472/fr/Microsoft.CodeAnalysis.CSharp.Scripting.resources.dll",
        "tasks/net472/fr/Microsoft.CodeAnalysis.CSharp.resources.dll",
        "tasks/net472/fr/Microsoft.CodeAnalysis.Scripting.resources.dll",
        "tasks/net472/fr/Microsoft.CodeAnalysis.VisualBasic.resources.dll",
        "tasks/net472/fr/Microsoft.CodeAnalysis.resources.dll",
        "tasks/net472/it/Microsoft.Build.Tasks.CodeAnalysis.resources.dll",
        "tasks/net472/it/Microsoft.CodeAnalysis.CSharp.Scripting.resources.dll",
        "tasks/net472/it/Microsoft.CodeAnalysis.CSharp.resources.dll",
        "tasks/net472/it/Microsoft.CodeAnalysis.Scripting.resources.dll",
        "tasks/net472/it/Microsoft.CodeAnalysis.VisualBasic.resources.dll",
        "tasks/net472/it/Microsoft.CodeAnalysis.resources.dll",
        "tasks/net472/ja/Microsoft.Build.Tasks.CodeAnalysis.resources.dll",
        "tasks/net472/ja/Microsoft.CodeAnalysis.CSharp.Scripting.resources.dll",
        "tasks/net472/ja/Microsoft.CodeAnalysis.CSharp.resources.dll",
        "tasks/net472/ja/Microsoft.CodeAnalysis.Scripting.resources.dll",
        "tasks/net472/ja/Microsoft.CodeAnalysis.VisualBasic.resources.dll",
        "tasks/net472/ja/Microsoft.CodeAnalysis.resources.dll",
        "tasks/net472/ko/Microsoft.Build.Tasks.CodeAnalysis.resources.dll",
        "tasks/net472/ko/Microsoft.CodeAnalysis.CSharp.Scripting.resources.dll",
        "tasks/net472/ko/Microsoft.CodeAnalysis.CSharp.resources.dll",
        "tasks/net472/ko/Microsoft.CodeAnalysis.Scripting.resources.dll",
        "tasks/net472/ko/Microsoft.CodeAnalysis.VisualBasic.resources.dll",
        "tasks/net472/ko/Microsoft.CodeAnalysis.resources.dll",
        "tasks/net472/pl/Microsoft.Build.Tasks.CodeAnalysis.resources.dll",
        "tasks/net472/pl/Microsoft.CodeAnalysis.CSharp.Scripting.resources.dll",
        "tasks/net472/pl/Microsoft.CodeAnalysis.CSharp.resources.dll",
        "tasks/net472/pl/Microsoft.CodeAnalysis.Scripting.resources.dll",
        "tasks/net472/pl/Microsoft.CodeAnalysis.VisualBasic.resources.dll",
        "tasks/net472/pl/Microsoft.CodeAnalysis.resources.dll",
        "tasks/net472/pt-BR/Microsoft.Build.Tasks.CodeAnalysis.resources.dll",
        "tasks/net472/pt-BR/Microsoft.CodeAnalysis.CSharp.Scripting.resources.dll",
        "tasks/net472/pt-BR/Microsoft.CodeAnalysis.CSharp.resources.dll",
        "tasks/net472/pt-BR/Microsoft.CodeAnalysis.Scripting.resources.dll",
        "tasks/net472/pt-BR/Microsoft.CodeAnalysis.VisualBasic.resources.dll",
        "tasks/net472/pt-BR/Microsoft.CodeAnalysis.resources.dll",
        "tasks/net472/ru/Microsoft.Build.Tasks.CodeAnalysis.resources.dll",
        "tasks/net472/ru/Microsoft.CodeAnalysis.CSharp.Scripting.resources.dll",
        "tasks/net472/ru/Microsoft.CodeAnalysis.CSharp.resources.dll",
        "tasks/net472/ru/Microsoft.CodeAnalysis.Scripting.resources.dll",
        "tasks/net472/ru/Microsoft.CodeAnalysis.VisualBasic.resources.dll",
        "tasks/net472/ru/Microsoft.CodeAnalysis.resources.dll",
        "tasks/net472/tr/Microsoft.Build.Tasks.CodeAnalysis.resources.dll",
        "tasks/net472/tr/Microsoft.CodeAnalysis.CSharp.Scripting.resources.dll",
        "tasks/net472/tr/Microsoft.CodeAnalysis.CSharp.resources.dll",
        "tasks/net472/tr/Microsoft.CodeAnalysis.Scripting.resources.dll",
        "tasks/net472/tr/Microsoft.CodeAnalysis.VisualBasic.resources.dll",
        "tasks/net472/tr/Microsoft.CodeAnalysis.resources.dll",
        "tasks/net472/vbc.exe",
        "tasks/net472/vbc.exe.config",
        "tasks/net472/vbc.rsp",
        "tasks/net472/zh-Hans/Microsoft.Build.Tasks.CodeAnalysis.resources.dll",
        "tasks/net472/zh-Hans/Microsoft.CodeAnalysis.CSharp.Scripting.resources.dll",
        "tasks/net472/zh-Hans/Microsoft.CodeAnalysis.CSharp.resources.dll",
        "tasks/net472/zh-Hans/Microsoft.CodeAnalysis.Scripting.resources.dll",
        "tasks/net472/zh-Hans/Microsoft.CodeAnalysis.VisualBasic.resources.dll",
        "tasks/net472/zh-Hans/Microsoft.CodeAnalysis.resources.dll",
        "tasks/net472/zh-Hant/Microsoft.Build.Tasks.CodeAnalysis.resources.dll",
        "tasks/net472/zh-Hant/Microsoft.CodeAnalysis.CSharp.Scripting.resources.dll",
        "tasks/net472/zh-Hant/Microsoft.CodeAnalysis.CSharp.resources.dll",
        "tasks/net472/zh-Hant/Microsoft.CodeAnalysis.Scripting.resources.dll",
        "tasks/net472/zh-Hant/Microsoft.CodeAnalysis.VisualBasic.resources.dll",
        "tasks/net472/zh-Hant/Microsoft.CodeAnalysis.resources.dll",
        "tasks/netcoreapp2.1/Microsoft.Build.Tasks.CodeAnalysis.dll",
        "tasks/netcoreapp2.1/Microsoft.CSharp.Core.targets",
        "tasks/netcoreapp2.1/Microsoft.Managed.Core.targets",
        "tasks/netcoreapp2.1/Microsoft.Managed.EditorConfig.targets",
        "tasks/netcoreapp2.1/Microsoft.VisualBasic.Core.targets",
        "tasks/netcoreapp2.1/bincore/Microsoft.CodeAnalysis.CSharp.dll",
        "tasks/netcoreapp2.1/bincore/Microsoft.CodeAnalysis.VisualBasic.dll",
        "tasks/netcoreapp2.1/bincore/Microsoft.CodeAnalysis.dll",
        "tasks/netcoreapp2.1/bincore/System.Runtime.CompilerServices.Unsafe.dll",
        "tasks/netcoreapp2.1/bincore/System.Text.Encoding.CodePages.dll",
        "tasks/netcoreapp2.1/bincore/VBCSCompiler.deps.json",
        "tasks/netcoreapp2.1/bincore/VBCSCompiler.dll",
        "tasks/netcoreapp2.1/bincore/VBCSCompiler.runtimeconfig.json",
        "tasks/netcoreapp2.1/bincore/cs/Microsoft.CodeAnalysis.CSharp.resources.dll",
        "tasks/netcoreapp2.1/bincore/cs/Microsoft.CodeAnalysis.VisualBasic.resources.dll",
        "tasks/netcoreapp2.1/bincore/cs/Microsoft.CodeAnalysis.resources.dll",
        "tasks/netcoreapp2.1/bincore/csc.deps.json",
        "tasks/netcoreapp2.1/bincore/csc.dll",
        "tasks/netcoreapp2.1/bincore/csc.runtimeconfig.json",
        "tasks/netcoreapp2.1/bincore/de/Microsoft.CodeAnalysis.CSharp.resources.dll",
        "tasks/netcoreapp2.1/bincore/de/Microsoft.CodeAnalysis.VisualBasic.resources.dll",
        "tasks/netcoreapp2.1/bincore/de/Microsoft.CodeAnalysis.resources.dll",
        "tasks/netcoreapp2.1/bincore/es/Microsoft.CodeAnalysis.CSharp.resources.dll",
        "tasks/netcoreapp2.1/bincore/es/Microsoft.CodeAnalysis.VisualBasic.resources.dll",
        "tasks/netcoreapp2.1/bincore/es/Microsoft.CodeAnalysis.resources.dll",
        "tasks/netcoreapp2.1/bincore/fr/Microsoft.CodeAnalysis.CSharp.resources.dll",
        "tasks/netcoreapp2.1/bincore/fr/Microsoft.CodeAnalysis.VisualBasic.resources.dll",
        "tasks/netcoreapp2.1/bincore/fr/Microsoft.CodeAnalysis.resources.dll",
        "tasks/netcoreapp2.1/bincore/it/Microsoft.CodeAnalysis.CSharp.resources.dll",
        "tasks/netcoreapp2.1/bincore/it/Microsoft.CodeAnalysis.VisualBasic.resources.dll",
        "tasks/netcoreapp2.1/bincore/it/Microsoft.CodeAnalysis.resources.dll",
        "tasks/netcoreapp2.1/bincore/ja/Microsoft.CodeAnalysis.CSharp.resources.dll",
        "tasks/netcoreapp2.1/bincore/ja/Microsoft.CodeAnalysis.VisualBasic.resources.dll",
        "tasks/netcoreapp2.1/bincore/ja/Microsoft.CodeAnalysis.resources.dll",
        "tasks/netcoreapp2.1/bincore/ko/Microsoft.CodeAnalysis.CSharp.resources.dll",
        "tasks/netcoreapp2.1/bincore/ko/Microsoft.CodeAnalysis.VisualBasic.resources.dll",
        "tasks/netcoreapp2.1/bincore/ko/Microsoft.CodeAnalysis.resources.dll",
        "tasks/netcoreapp2.1/bincore/pl/Microsoft.CodeAnalysis.CSharp.resources.dll",
        "tasks/netcoreapp2.1/bincore/pl/Microsoft.CodeAnalysis.VisualBasic.resources.dll",
        "tasks/netcoreapp2.1/bincore/pl/Microsoft.CodeAnalysis.resources.dll",
        "tasks/netcoreapp2.1/bincore/pt-BR/Microsoft.CodeAnalysis.CSharp.resources.dll",
        "tasks/netcoreapp2.1/bincore/pt-BR/Microsoft.CodeAnalysis.VisualBasic.resources.dll",
        "tasks/netcoreapp2.1/bincore/pt-BR/Microsoft.CodeAnalysis.resources.dll",
        "tasks/netcoreapp2.1/bincore/ru/Microsoft.CodeAnalysis.CSharp.resources.dll",
        "tasks/netcoreapp2.1/bincore/ru/Microsoft.CodeAnalysis.VisualBasic.resources.dll",
        "tasks/netcoreapp2.1/bincore/ru/Microsoft.CodeAnalysis.resources.dll",
        "tasks/netcoreapp2.1/bincore/runtimes/win-x64/native/Microsoft.DiaSymReader.Native.amd64.dll",
        "tasks/netcoreapp2.1/bincore/runtimes/win-x86/native/Microsoft.DiaSymReader.Native.x86.dll",
        "tasks/netcoreapp2.1/bincore/runtimes/win/lib/netcoreapp2.0/System.Text.Encoding.CodePages.dll",
        "tasks/netcoreapp2.1/bincore/runtimes/win/native/Microsoft.DiaSymReader.Native.amd64.dll",
        "tasks/netcoreapp2.1/bincore/runtimes/win/native/Microsoft.DiaSymReader.Native.arm.dll",
        "tasks/netcoreapp2.1/bincore/runtimes/win/native/Microsoft.DiaSymReader.Native.x86.dll",
        "tasks/netcoreapp2.1/bincore/runtimes/win8-arm/native/Microsoft.DiaSymReader.Native.arm.dll",
        "tasks/netcoreapp2.1/bincore/tr/Microsoft.CodeAnalysis.CSharp.resources.dll",
        "tasks/netcoreapp2.1/bincore/tr/Microsoft.CodeAnalysis.VisualBasic.resources.dll",
        "tasks/netcoreapp2.1/bincore/tr/Microsoft.CodeAnalysis.resources.dll",
        "tasks/netcoreapp2.1/bincore/vbc.deps.json",
        "tasks/netcoreapp2.1/bincore/vbc.dll",
        "tasks/netcoreapp2.1/bincore/vbc.runtimeconfig.json",
        "tasks/netcoreapp2.1/bincore/zh-Hans/Microsoft.CodeAnalysis.CSharp.resources.dll",
        "tasks/netcoreapp2.1/bincore/zh-Hans/Microsoft.CodeAnalysis.VisualBasic.resources.dll",
        "tasks/netcoreapp2.1/bincore/zh-Hans/Microsoft.CodeAnalysis.resources.dll",
        "tasks/netcoreapp2.1/bincore/zh-Hant/Microsoft.CodeAnalysis.CSharp.resources.dll",
        "tasks/netcoreapp2.1/bincore/zh-Hant/Microsoft.CodeAnalysis.VisualBasic.resources.dll",
        "tasks/netcoreapp2.1/bincore/zh-Hant/Microsoft.CodeAnalysis.resources.dll",
        "tasks/netcoreapp2.1/cs/Microsoft.Build.Tasks.CodeAnalysis.resources.dll",
        "tasks/netcoreapp2.1/de/Microsoft.Build.Tasks.CodeAnalysis.resources.dll",
        "tasks/netcoreapp2.1/es/Microsoft.Build.Tasks.CodeAnalysis.resources.dll",
        "tasks/netcoreapp2.1/fr/Microsoft.Build.Tasks.CodeAnalysis.resources.dll",
        "tasks/netcoreapp2.1/it/Microsoft.Build.Tasks.CodeAnalysis.resources.dll",
        "tasks/netcoreapp2.1/ja/Microsoft.Build.Tasks.CodeAnalysis.resources.dll",
        "tasks/netcoreapp2.1/ko/Microsoft.Build.Tasks.CodeAnalysis.resources.dll",
        "tasks/netcoreapp2.1/pl/Microsoft.Build.Tasks.CodeAnalysis.resources.dll",
        "tasks/netcoreapp2.1/pt-BR/Microsoft.Build.Tasks.CodeAnalysis.resources.dll",
        "tasks/netcoreapp2.1/ru/Microsoft.Build.Tasks.CodeAnalysis.resources.dll",
        "tasks/netcoreapp2.1/tr/Microsoft.Build.Tasks.CodeAnalysis.resources.dll",
        "tasks/netcoreapp2.1/zh-Hans/Microsoft.Build.Tasks.CodeAnalysis.resources.dll",
        "tasks/netcoreapp2.1/zh-Hant/Microsoft.Build.Tasks.CodeAnalysis.resources.dll"
      ]
    },
    "Microsoft.NETCore.Platforms/1.1.0": {
      "sha512": "bLpT1f/SFlO1CzqXG12KnJzpZs6lv24uX2Rzi4Fmm0noJpNlnWRVryuO3yK18Ca04t/YHcO1e1Z0WDfjseqNzw==",
      "type": "package",
      "path": "microsoft.netcore.platforms/1.1.0",
      "files": [
        ".nupkg.metadata",
        ".signature.p7s",
        "ThirdPartyNotices.txt",
        "dotnet_library_license.txt",
        "lib/netstandard1.0/_._",
        "microsoft.netcore.platforms.1.1.0.nupkg.sha512",
        "microsoft.netcore.platforms.nuspec",
        "runtime.json"
      ]
    },
    "NETStandard.Library/2.0.3": {
      "sha512": "st47PosZSHrjECdjeIzZQbzivYBJFv6P2nv4cj2ypdI204DO+vZ7l5raGMiX4eXMJ53RfOIg+/s4DHVZ54Nu2A==",
      "type": "package",
      "path": "netstandard.library/2.0.3",
      "files": [
        ".nupkg.metadata",
        "LICENSE.TXT",
        "THIRD-PARTY-NOTICES.TXT",
        "build/netstandard2.0/NETStandard.Library.targets",
        "build/netstandard2.0/ref/Microsoft.Win32.Primitives.dll",
        "build/netstandard2.0/ref/System.AppContext.dll",
        "build/netstandard2.0/ref/System.Collections.Concurrent.dll",
        "build/netstandard2.0/ref/System.Collections.NonGeneric.dll",
        "build/netstandard2.0/ref/System.Collections.Specialized.dll",
        "build/netstandard2.0/ref/System.Collections.dll",
        "build/netstandard2.0/ref/System.ComponentModel.Composition.dll",
        "build/netstandard2.0/ref/System.ComponentModel.EventBasedAsync.dll",
        "build/netstandard2.0/ref/System.ComponentModel.Primitives.dll",
        "build/netstandard2.0/ref/System.ComponentModel.TypeConverter.dll",
        "build/netstandard2.0/ref/System.ComponentModel.dll",
        "build/netstandard2.0/ref/System.Console.dll",
        "build/netstandard2.0/ref/System.Core.dll",
        "build/netstandard2.0/ref/System.Data.Common.dll",
        "build/netstandard2.0/ref/System.Data.dll",
        "build/netstandard2.0/ref/System.Diagnostics.Contracts.dll",
        "build/netstandard2.0/ref/System.Diagnostics.Debug.dll",
        "build/netstandard2.0/ref/System.Diagnostics.FileVersionInfo.dll",
        "build/netstandard2.0/ref/System.Diagnostics.Process.dll",
        "build/netstandard2.0/ref/System.Diagnostics.StackTrace.dll",
        "build/netstandard2.0/ref/System.Diagnostics.TextWriterTraceListener.dll",
        "build/netstandard2.0/ref/System.Diagnostics.Tools.dll",
        "build/netstandard2.0/ref/System.Diagnostics.TraceSource.dll",
        "build/netstandard2.0/ref/System.Diagnostics.Tracing.dll",
        "build/netstandard2.0/ref/System.Drawing.Primitives.dll",
        "build/netstandard2.0/ref/System.Drawing.dll",
        "build/netstandard2.0/ref/System.Dynamic.Runtime.dll",
        "build/netstandard2.0/ref/System.Globalization.Calendars.dll",
        "build/netstandard2.0/ref/System.Globalization.Extensions.dll",
        "build/netstandard2.0/ref/System.Globalization.dll",
        "build/netstandard2.0/ref/System.IO.Compression.FileSystem.dll",
        "build/netstandard2.0/ref/System.IO.Compression.ZipFile.dll",
        "build/netstandard2.0/ref/System.IO.Compression.dll",
        "build/netstandard2.0/ref/System.IO.FileSystem.DriveInfo.dll",
        "build/netstandard2.0/ref/System.IO.FileSystem.Primitives.dll",
        "build/netstandard2.0/ref/System.IO.FileSystem.Watcher.dll",
        "build/netstandard2.0/ref/System.IO.FileSystem.dll",
        "build/netstandard2.0/ref/System.IO.IsolatedStorage.dll",
        "build/netstandard2.0/ref/System.IO.MemoryMappedFiles.dll",
        "build/netstandard2.0/ref/System.IO.Pipes.dll",
        "build/netstandard2.0/ref/System.IO.UnmanagedMemoryStream.dll",
        "build/netstandard2.0/ref/System.IO.dll",
        "build/netstandard2.0/ref/System.Linq.Expressions.dll",
        "build/netstandard2.0/ref/System.Linq.Parallel.dll",
        "build/netstandard2.0/ref/System.Linq.Queryable.dll",
        "build/netstandard2.0/ref/System.Linq.dll",
        "build/netstandard2.0/ref/System.Net.Http.dll",
        "build/netstandard2.0/ref/System.Net.NameResolution.dll",
        "build/netstandard2.0/ref/System.Net.NetworkInformation.dll",
        "build/netstandard2.0/ref/System.Net.Ping.dll",
        "build/netstandard2.0/ref/System.Net.Primitives.dll",
        "build/netstandard2.0/ref/System.Net.Requests.dll",
        "build/netstandard2.0/ref/System.Net.Security.dll",
        "build/netstandard2.0/ref/System.Net.Sockets.dll",
        "build/netstandard2.0/ref/System.Net.WebHeaderCollection.dll",
        "build/netstandard2.0/ref/System.Net.WebSockets.Client.dll",
        "build/netstandard2.0/ref/System.Net.WebSockets.dll",
        "build/netstandard2.0/ref/System.Net.dll",
        "build/netstandard2.0/ref/System.Numerics.dll",
        "build/netstandard2.0/ref/System.ObjectModel.dll",
        "build/netstandard2.0/ref/System.Reflection.Extensions.dll",
        "build/netstandard2.0/ref/System.Reflection.Primitives.dll",
        "build/netstandard2.0/ref/System.Reflection.dll",
        "build/netstandard2.0/ref/System.Resources.Reader.dll",
        "build/netstandard2.0/ref/System.Resources.ResourceManager.dll",
        "build/netstandard2.0/ref/System.Resources.Writer.dll",
        "build/netstandard2.0/ref/System.Runtime.CompilerServices.VisualC.dll",
        "build/netstandard2.0/ref/System.Runtime.Extensions.dll",
        "build/netstandard2.0/ref/System.Runtime.Handles.dll",
        "build/netstandard2.0/ref/System.Runtime.InteropServices.RuntimeInformation.dll",
        "build/netstandard2.0/ref/System.Runtime.InteropServices.dll",
        "build/netstandard2.0/ref/System.Runtime.Numerics.dll",
        "build/netstandard2.0/ref/System.Runtime.Serialization.Formatters.dll",
        "build/netstandard2.0/ref/System.Runtime.Serialization.Json.dll",
        "build/netstandard2.0/ref/System.Runtime.Serialization.Primitives.dll",
        "build/netstandard2.0/ref/System.Runtime.Serialization.Xml.dll",
        "build/netstandard2.0/ref/System.Runtime.Serialization.dll",
        "build/netstandard2.0/ref/System.Runtime.dll",
        "build/netstandard2.0/ref/System.Security.Claims.dll",
        "build/netstandard2.0/ref/System.Security.Cryptography.Algorithms.dll",
        "build/netstandard2.0/ref/System.Security.Cryptography.Csp.dll",
        "build/netstandard2.0/ref/System.Security.Cryptography.Encoding.dll",
        "build/netstandard2.0/ref/System.Security.Cryptography.Primitives.dll",
        "build/netstandard2.0/ref/System.Security.Cryptography.X509Certificates.dll",
        "build/netstandard2.0/ref/System.Security.Principal.dll",
        "build/netstandard2.0/ref/System.Security.SecureString.dll",
        "build/netstandard2.0/ref/System.ServiceModel.Web.dll",
        "build/netstandard2.0/ref/System.Text.Encoding.Extensions.dll",
        "build/netstandard2.0/ref/System.Text.Encoding.dll",
        "build/netstandard2.0/ref/System.Text.RegularExpressions.dll",
        "build/netstandard2.0/ref/System.Threading.Overlapped.dll",
        "build/netstandard2.0/ref/System.Threading.Tasks.Parallel.dll",
        "build/netstandard2.0/ref/System.Threading.Tasks.dll",
        "build/netstandard2.0/ref/System.Threading.Thread.dll",
        "build/netstandard2.0/ref/System.Threading.ThreadPool.dll",
        "build/netstandard2.0/ref/System.Threading.Timer.dll",
        "build/netstandard2.0/ref/System.Threading.dll",
        "build/netstandard2.0/ref/System.Transactions.dll",
        "build/netstandard2.0/ref/System.ValueTuple.dll",
        "build/netstandard2.0/ref/System.Web.dll",
        "build/netstandard2.0/ref/System.Windows.dll",
        "build/netstandard2.0/ref/System.Xml.Linq.dll",
        "build/netstandard2.0/ref/System.Xml.ReaderWriter.dll",
        "build/netstandard2.0/ref/System.Xml.Serialization.dll",
        "build/netstandard2.0/ref/System.Xml.XDocument.dll",
        "build/netstandard2.0/ref/System.Xml.XPath.XDocument.dll",
        "build/netstandard2.0/ref/System.Xml.XPath.dll",
        "build/netstandard2.0/ref/System.Xml.XmlDocument.dll",
        "build/netstandard2.0/ref/System.Xml.XmlSerializer.dll",
        "build/netstandard2.0/ref/System.Xml.dll",
        "build/netstandard2.0/ref/System.dll",
        "build/netstandard2.0/ref/mscorlib.dll",
        "build/netstandard2.0/ref/netstandard.dll",
        "lib/netstandard1.0/_._",
        "netstandard.library.2.0.3.nupkg.sha512",
        "netstandard.library.nuspec"
      ]
    },
    "SixLabors.Core/1.0.0-beta0008": {
      "sha512": "rrKPDN107tVOh+mUoNh+kHELa7WfYZREPPbYdiKJ3Rd6dex/UgDWDGBOjPJn4BBhmts/VGuaXMXyfT/BwiuH2g==",
      "type": "package",
      "path": "sixlabors.core/1.0.0-beta0008",
      "files": [
        ".nupkg.metadata",
        ".signature.p7s",
        "lib/netcoreapp2.0/SixLabors.Core.dll",
        "lib/netcoreapp2.0/SixLabors.Core.xml",
        "lib/netcoreapp2.1/SixLabors.Core.dll",
        "lib/netcoreapp2.1/SixLabors.Core.xml",
        "lib/netstandard1.3/SixLabors.Core.dll",
        "lib/netstandard1.3/SixLabors.Core.xml",
        "lib/netstandard2.0/SixLabors.Core.dll",
        "lib/netstandard2.0/SixLabors.Core.xml",
        "sixlabors.core.1.0.0-beta0008.nupkg.sha512",
        "sixlabors.core.nuspec"
      ]
    },
    "SixLabors.ImageSharp/1.0.0-beta0007": {
      "sha512": "R7BMm1MPyE3n4kSmTrdhB6iQmIZmSjBhnHG8mYrfi9t5CmIIgXhmGHHLZTZHa17Ka4b5bhUUqssAVEHDlDqnuQ==",
      "type": "package",
      "path": "sixlabors.imagesharp/1.0.0-beta0007",
      "files": [
        ".nupkg.metadata",
        ".signature.p7s",
        "lib/net472/SixLabors.ImageSharp.dll",
        "lib/net472/SixLabors.ImageSharp.xml",
        "lib/netcoreapp2.1/SixLabors.ImageSharp.dll",
        "lib/netcoreapp2.1/SixLabors.ImageSharp.xml",
        "lib/netstandard1.3/SixLabors.ImageSharp.dll",
        "lib/netstandard1.3/SixLabors.ImageSharp.xml",
        "lib/netstandard2.0/SixLabors.ImageSharp.dll",
        "lib/netstandard2.0/SixLabors.ImageSharp.xml",
        "sixlabors.imagesharp.1.0.0-beta0007.nupkg.sha512",
        "sixlabors.imagesharp.nuspec"
      ]
    },
    "System.Buffers/4.4.0": {
      "sha512": "AwarXzzoDwX6BgrhjoJsk6tUezZEozOT5Y9QKF94Gl4JK91I4PIIBkBco9068Y9/Dra8Dkbie99kXB8+1BaYKw==",
      "type": "package",
      "path": "system.buffers/4.4.0",
      "files": [
        ".nupkg.metadata",
        ".signature.p7s",
        "LICENSE.TXT",
        "THIRD-PARTY-NOTICES.TXT",
        "lib/netcoreapp2.0/_._",
        "lib/netstandard1.1/System.Buffers.dll",
        "lib/netstandard1.1/System.Buffers.xml",
        "lib/netstandard2.0/System.Buffers.dll",
        "lib/netstandard2.0/System.Buffers.xml",
        "ref/netcoreapp2.0/_._",
        "ref/netstandard1.1/System.Buffers.dll",
        "ref/netstandard1.1/System.Buffers.xml",
        "ref/netstandard2.0/System.Buffers.dll",
        "ref/netstandard2.0/System.Buffers.xml",
        "system.buffers.4.4.0.nupkg.sha512",
        "system.buffers.nuspec",
        "useSharedDesignerContext.txt",
        "version.txt"
      ]
    },
    "System.Memory/4.5.1": {
      "sha512": "vcG3/MbfpxznMkkkaAblJi7RHOmuP7kawQMhDgLSuA1tRpRQYsFSCTxRSINDUgn2QNn2jWeLxv8er5BXbyACkw==",
      "type": "package",
      "path": "system.memory/4.5.1",
      "files": [
        ".nupkg.metadata",
        ".signature.p7s",
        "LICENSE.TXT",
        "THIRD-PARTY-NOTICES.TXT",
        "lib/netcoreapp2.1/_._",
        "lib/netstandard1.1/System.Memory.dll",
        "lib/netstandard2.0/System.Memory.dll",
        "ref/netcoreapp2.1/_._",
        "ref/netstandard1.1/System.Memory.dll",
        "ref/netstandard2.0/System.Memory.dll",
        "system.memory.4.5.1.nupkg.sha512",
        "system.memory.nuspec",
        "useSharedDesignerContext.txt",
        "version.txt"
      ]
    },
    "System.Numerics.Vectors/4.5.0": {
      "sha512": "MNcaYxUJvUcoXOa+jgKl/GDw/Mh+wMrxDjW4dre7qrp35LUGTjUBNtZsNjxsWX592ocdyqt1X5hMJB+5OStoYw==",
      "type": "package",
      "path": "system.numerics.vectors/4.5.0",
      "files": [
        ".nupkg.metadata",
        ".signature.p7s",
        "LICENSE.TXT",
        "THIRD-PARTY-NOTICES.TXT",
        "lib/MonoAndroid10/_._",
        "lib/MonoTouch10/_._",
        "lib/net46/System.Numerics.Vectors.dll",
        "lib/netcoreapp2.0/_._",
        "lib/netstandard1.0/System.Numerics.Vectors.dll",
        "lib/netstandard2.0/System.Numerics.Vectors.dll",
        "lib/portable-net45+win8+wp8+wpa81/System.Numerics.Vectors.dll",
        "lib/uap10.0.16299/_._",
        "lib/xamarinios10/_._",
        "lib/xamarinmac20/_._",
        "lib/xamarintvos10/_._",
        "lib/xamarinwatchos10/_._",
        "ref/MonoAndroid10/_._",
        "ref/MonoTouch10/_._",
        "ref/net45/System.Numerics.Vectors.dll",
        "ref/net46/System.Numerics.Vectors.dll",
        "ref/netcoreapp2.0/_._",
        "ref/netstandard1.0/System.Numerics.Vectors.dll",
        "ref/netstandard2.0/System.Numerics.Vectors.dll",
        "ref/uap10.0.16299/_._",
        "ref/xamarinios10/_._",
        "ref/xamarinmac20/_._",
        "ref/xamarintvos10/_._",
        "ref/xamarinwatchos10/_._",
        "system.numerics.vectors.4.5.0.nupkg.sha512",
        "system.numerics.vectors.nuspec",
        "useSharedDesignerContext.txt",
        "version.txt"
      ]
    },
    "System.Runtime.CompilerServices.Unsafe/4.5.1": {
      "sha512": "x/3d5xb+mc9e4I2GOOT+HPRWMZLbYjNN/kYKsb0fyUKcWizn/t1CIrGRLIBhv7H0ptYEt+WTTztdPmwSUMyKig==",
      "type": "package",
      "path": "system.runtime.compilerservices.unsafe/4.5.1",
      "files": [
        ".nupkg.metadata",
        ".signature.p7s",
        "LICENSE.TXT",
        "THIRD-PARTY-NOTICES.TXT",
        "lib/netcoreapp2.0/System.Runtime.CompilerServices.Unsafe.dll",
        "lib/netstandard1.0/System.Runtime.CompilerServices.Unsafe.dll",
        "lib/netstandard2.0/System.Runtime.CompilerServices.Unsafe.dll",
        "ref/netstandard1.0/System.Runtime.CompilerServices.Unsafe.dll",
        "ref/netstandard2.0/System.Runtime.CompilerServices.Unsafe.dll",
        "system.runtime.compilerservices.unsafe.4.5.1.nupkg.sha512",
        "system.runtime.compilerservices.unsafe.nuspec",
        "useSharedDesignerContext.txt",
        "version.txt"
      ]
    }
  },
  "projectFileDependencyGroups": {
    ".NETStandard,Version=v2.0": [
      "NETStandard.Library >= 2.0.3",
      "SixLabors.ImageSharp >= 1.0.0-beta0007"
    ]
  },
  "packageFolders": {
    "D:\\home\\data\\Functions\\packages\\nuget": {},
    "D:\\Program Files (x86)\\dotnet\\sdk\\NuGetFallbackFolder": {}
  },
  "project": {
    "version": "1.0.0",
    "restore": {
      "projectUniqueName": "D:\\local\\Temp\\4e659916-ef5f-46af-94be-22e622a8480c\\function.proj",
      "projectName": "function",
      "projectPath": "D:\\local\\Temp\\4e659916-ef5f-46af-94be-22e622a8480c\\function.proj",
      "packagesPath": "D:\\home\\data\\Functions\\packages\\nuget",
      "outputPath": "D:\\local\\Temp\\4e659916-ef5f-46af-94be-22e622a8480c\\obj\\",
      "projectStyle": "PackageReference",
      "fallbackFolders": [
        "D:\\Program Files (x86)\\dotnet\\sdk\\NuGetFallbackFolder"
      ],
      "configFilePaths": [
        "D:\\local\\AppData\\NuGet\\NuGet.Config"
      ],
      "originalTargetFrameworks": [
        "netstandard2.0"
      ],
      "sources": {
        "https://api.nuget.org/v3/index.json": {}
      },
      "frameworks": {
        "netstandard2.0": {
          "projectReferences": {}
        }
      }
    },
    "frameworks": {
      "netstandard2.0": {
        "dependencies": {
          "NETStandard.Library": {
            "suppressParent": "All",
            "target": "Package",
            "version": "[2.0.3, )",
            "autoReferenced": true
          },
          "SixLabors.ImageSharp": {
            "target": "Package",
            "version": "[1.0.0-beta0007, )"
          }
        },
        "imports": [
          "net461"
        ],
        "assetTargetFallback": true,
        "warn": true
      }
    }
  }
}