
Microsoft Visual Studio Solution File, Format Version 12.00
# Visual Studio Version 16
VisualStudioVersion = 16.0.29806.167
MinimumVisualStudioVersion = 10.0.40219.1
Project("{FAE04EC0-301F-11D3-BF4B-00C04F79EFBC}") = "FunctionAppwithMSI", "FunctionAppwithMSI\FunctionAppwithMSI.csproj", "{F4EDC9B7-726A-43C8-8A04-8AC2BFE88988}"
EndProject
Global
	GlobalSection(SolutionConfigurationPlatforms) = preSolution
		Debug|Any CPU = Debug|Any CPU
		Release|Any CPU = Release|Any CPU
	EndGlobalSection
	GlobalSection(ProjectConfigurationPlatforms) = postSolution
		{F4EDC9B7-726A-43C8-8A04-8AC2BFE88988}.Debug|Any CPU.ActiveCfg = Debug|Any CPU
		{F4EDC9B7-726A-43C8-8A04-8AC2BFE88988}.Debug|Any CPU.Build.0 = Debug|Any CPU
		{F4EDC9B7-726A-43C8-8A04-8AC2BFE88988}.Release|Any CPU.ActiveCfg = Release|Any CPU
		{F4EDC9B7-726A-43C8-8A04-8AC2BFE88988}.Release|Any CPU.Build.0 = Release|Any CPU
	EndGlobalSection
	GlobalSection(SolutionProperties) = preSolution
		HideSolutionNode = FALSE
	EndGlobalSection
	GlobalSection(ExtensibilityGlobals) = postSolution
		SolutionGuid = {94E73059-931F-4B7A-AC9C-53F82B02BF37}
	EndGlobalSection
EndGlobal
