
Microsoft Visual Studio Solution File, Format Version 12.00
# Visual Studio Version 16
VisualStudioVersion = 16.0.29806.167
MinimumVisualStudioVersion = 10.0.40219.1
Project("{FAE04EC0-301F-11D3-BF4B-00C04F79EFBC}") = "FeatureFlags", "FeatureFlags\FeatureFlags.csproj", "{9F6E0549-0961-41FD-BACE-EBC2D252A6D5}"
EndProject
Global
	GlobalSection(SolutionConfigurationPlatforms) = preSolution
		Debug|Any CPU = Debug|Any CPU
		Release|Any CPU = Release|Any CPU
	EndGlobalSection
	GlobalSection(ProjectConfigurationPlatforms) = postSolution
		{9F6E0549-0961-41FD-BACE-EBC2D252A6D5}.Debug|Any CPU.ActiveCfg = Debug|Any CPU
		{9F6E0549-0961-41FD-BACE-EBC2D252A6D5}.Debug|Any CPU.Build.0 = Debug|Any CPU
		{9F6E0549-0961-41FD-BACE-EBC2D252A6D5}.Release|Any CPU.ActiveCfg = Release|Any CPU
		{9F6E0549-0961-41FD-BACE-EBC2D252A6D5}.Release|Any CPU.Build.0 = Release|Any CPU
	EndGlobalSection
	GlobalSection(SolutionProperties) = preSolution
		HideSolutionNode = FALSE
	EndGlobalSection
	GlobalSection(ExtensibilityGlobals) = postSolution
		SolutionGuid = {0E51DB4A-8774-4661-8313-A13A6643F67E}
	EndGlobalSection
EndGlobal
